
Microsoft Visual Studio Solution File, Format Version 12.00
# Visual Studio Version 17
VisualStudioVersion = 17.2.32630.192
MinimumVisualStudioVersion = 10.0.40219.1
Project("{9A19103F-16F7-4668-BE54-9A1E7A4F7556}") = "HW1_CS", "HW1_CS\HW1_CS.csproj", "{8170C7CD-CE37-47E5-A8C7-A9DDAEF97E1B}"
EndProject
Project("{778DAE3C-4631-46EA-AA77-85C1314464D9}") = "HW1_VB", "HW1_VB\HW1_VB.vbproj", "{8E050B8C-5125-4920-A610-11D9FADDE692}"
EndProject
Project("{9A19103F-16F7-4668-BE54-9A1E7A4F7556}") = "HW2.1_CS", "HW2.1_CS\Homework2.1Csharp\HW2.1_CS.csproj", "{8BFE33A0-75B1-4597-A566-910169D41240}"
EndProject
Project("{778DAE3C-4631-46EA-AA77-85C1314464D9}") = "HW2.1_VB", "HW2.1_VB\Homework2.1VisualBasic\HW2.1_VB.vbproj", "{0EB72F7B-AABC-40F5-92A6-56473B39D2E2}"
EndProject
Project("{9A19103F-16F7-4668-BE54-9A1E7A4F7556}") = "HW2.2_CS", "HW2.2_CS\Homework2.2Csharp\HW2.2_CS.csproj", "{53679789-21EA-4CDF-9AB8-8035E381BE9E}"
EndProject
Project("{778DAE3C-4631-46EA-AA77-85C1314464D9}") = "HW2.3_VB", "HW2.3_VB\Homework2.3VisualBasiccorrect\HW2.3_VB.vbproj", "{2CCF4A8A-F8BC-41BC-92C6-2E86FA21944C}"
EndProject
Project("{9A19103F-16F7-4668-BE54-9A1E7A4F7556}") = "HW3_CS", "HW3_CS\HW3_CS\HW3_CS.csproj", "{4A0489C4-57A3-4C98-B485-AB95AF6CCAEF}"
EndProject
Global
	GlobalSection(SolutionConfigurationPlatforms) = preSolution
		Debug|Any CPU = Debug|Any CPU
		Release|Any CPU = Release|Any CPU
	EndGlobalSection
	GlobalSection(ProjectConfigurationPlatforms) = postSolution
		{8170C7CD-CE37-47E5-A8C7-A9DDAEF97E1B}.Debug|Any CPU.ActiveCfg = Debug|Any CPU
		{8170C7CD-CE37-47E5-A8C7-A9DDAEF97E1B}.Debug|Any CPU.Build.0 = Debug|Any CPU
		{8170C7CD-CE37-47E5-A8C7-A9DDAEF97E1B}.Release|Any CPU.ActiveCfg = Release|Any CPU
		{8170C7CD-CE37-47E5-A8C7-A9DDAEF97E1B}.Release|Any CPU.Build.0 = Release|Any CPU
		{8E050B8C-5125-4920-A610-11D9FADDE692}.Debug|Any CPU.ActiveCfg = Debug|Any CPU
		{8E050B8C-5125-4920-A610-11D9FADDE692}.Debug|Any CPU.Build.0 = Debug|Any CPU
		{8E050B8C-5125-4920-A610-11D9FADDE692}.Release|Any CPU.ActiveCfg = Release|Any CPU
		{8E050B8C-5125-4920-A610-11D9FADDE692}.Release|Any CPU.Build.0 = Release|Any CPU
		{8BFE33A0-75B1-4597-A566-910169D41240}.Debug|Any CPU.ActiveCfg = Debug|Any CPU
		{8BFE33A0-75B1-4597-A566-910169D41240}.Debug|Any CPU.Build.0 = Debug|Any CPU
		{8BFE33A0-75B1-4597-A566-910169D41240}.Release|Any CPU.ActiveCfg = Release|Any CPU
		{8BFE33A0-75B1-4597-A566-910169D41240}.Release|Any CPU.Build.0 = Release|Any CPU
		{0EB72F7B-AABC-40F5-92A6-56473B39D2E2}.Debug|Any CPU.ActiveCfg = Debug|Any CPU
		{0EB72F7B-AABC-40F5-92A6-56473B39D2E2}.Debug|Any CPU.Build.0 = Debug|Any CPU
		{0EB72F7B-AABC-40F5-92A6-56473B39D2E2}.Release|Any CPU.ActiveCfg = Release|Any CPU
		{0EB72F7B-AABC-40F5-92A6-56473B39D2E2}.Release|Any CPU.Build.0 = Release|Any CPU
		{53679789-21EA-4CDF-9AB8-8035E381BE9E}.Debug|Any CPU.ActiveCfg = Debug|Any CPU
		{53679789-21EA-4CDF-9AB8-8035E381BE9E}.Debug|Any CPU.Build.0 = Debug|Any CPU
		{53679789-21EA-4CDF-9AB8-8035E381BE9E}.Release|Any CPU.ActiveCfg = Release|Any CPU
		{53679789-21EA-4CDF-9AB8-8035E381BE9E}.Release|Any CPU.Build.0 = Release|Any CPU
		{2CCF4A8A-F8BC-41BC-92C6-2E86FA21944C}.Debug|Any CPU.ActiveCfg = Debug|Any CPU
		{2CCF4A8A-F8BC-41BC-92C6-2E86FA21944C}.Debug|Any CPU.Build.0 = Debug|Any CPU
		{2CCF4A8A-F8BC-41BC-92C6-2E86FA21944C}.Release|Any CPU.ActiveCfg = Release|Any CPU
		{2CCF4A8A-F8BC-41BC-92C6-2E86FA21944C}.Release|Any CPU.Build.0 = Release|Any CPU
		{4A0489C4-57A3-4C98-B485-AB95AF6CCAEF}.Debug|Any CPU.ActiveCfg = Debug|Any CPU
		{4A0489C4-57A3-4C98-B485-AB95AF6CCAEF}.Debug|Any CPU.Build.0 = Debug|Any CPU
		{4A0489C4-57A3-4C98-B485-AB95AF6CCAEF}.Release|Any CPU.ActiveCfg = Release|Any CPU
		{4A0489C4-57A3-4C98-B485-AB95AF6CCAEF}.Release|Any CPU.Build.0 = Release|Any CPU
	EndGlobalSection
	GlobalSection(SolutionProperties) = preSolution
		HideSolutionNode = FALSE
	EndGlobalSection
	GlobalSection(ExtensibilityGlobals) = postSolution
		SolutionGuid = {61AC7B45-A220-419A-A923-F4514343CCA3}
	EndGlobalSection
EndGlobal
